
Microsoft Visual Studio Solution File, Format Version 12.00
# Visual Studio 15
Project("{FAE04EC0-301F-11D3-BF4B-00C04F79EFBC}") = "UnityEngine.UI", "UnityEngine.UI.csproj", "{03AC2CA7-AF01-FE34-84B6-7CE92CF47147}"
EndProject
Project("{FAE04EC0-301F-11D3-BF4B-00C04F79EFBC}") = "Assembly-CSharp", "Assembly-CSharp.csproj", "{32C3BDE6-E125-3128-82C1-25D0441455A3}"
EndProject
Project("{FAE04EC0-301F-11D3-BF4B-00C04F79EFBC}") = "UnityEditor.UI", "UnityEditor.UI.csproj", "{067C016A-9BDF-7DCE-2E59-C851BCB7CD88}"
EndProject
Project("{FAE04EC0-301F-11D3-BF4B-00C04F79EFBC}") = "Unity.2D.Sprite.Editor", "Unity.2D.Sprite.Editor.csproj", "{653C9F53-694E-9034-FE26-2ED3B35375E8}"
EndProject
Project("{FAE04EC0-301F-11D3-BF4B-00C04F79EFBC}") = "Unity.2D.Tilemap.Editor", "Unity.2D.Tilemap.Editor.csproj", "{947D2BF1-23EB-8DF6-4CBD-89ADD40313F6}"
EndProject
Global
	GlobalSection(SolutionConfigurationPlatforms) = preSolution
		Debug|Any CPU = Debug|Any CPU
		Release|Any CPU = Release|Any CPU
	EndGlobalSection
	GlobalSection(ProjectConfigurationPlatforms) = postSolution
		{03AC2CA7-AF01-FE34-84B6-7CE92CF47147}.Debug|Any CPU.ActiveCfg = Debug|Any CPU
		{03AC2CA7-AF01-FE34-84B6-7CE92CF47147}.Debug|Any CPU.Build.0 = Debug|Any CPU
		{03AC2CA7-AF01-FE34-84B6-7CE92CF47147}.Release|Any CPU.ActiveCfg = Release|Any CPU
		{03AC2CA7-AF01-FE34-84B6-7CE92CF47147}.Release|Any CPU.Build.0 = Release|Any CPU
		{32C3BDE6-E125-3128-82C1-25D0441455A3}.Debug|Any CPU.ActiveCfg = Debug|Any CPU
		{32C3BDE6-E125-3128-82C1-25D0441455A3}.Debug|Any CPU.Build.0 = Debug|Any CPU
		{32C3BDE6-E125-3128-82C1-25D0441455A3}.Release|Any CPU.ActiveCfg = Release|Any CPU
		{32C3BDE6-E125-3128-82C1-25D0441455A3}.Release|Any CPU.Build.0 = Release|Any CPU
		{067C016A-9BDF-7DCE-2E59-C851BCB7CD88}.Debug|Any CPU.ActiveCfg = Debug|Any CPU
		{067C016A-9BDF-7DCE-2E59-C851BCB7CD88}.Debug|Any CPU.Build.0 = Debug|Any CPU
		{067C016A-9BDF-7DCE-2E59-C851BCB7CD88}.Release|Any CPU.ActiveCfg = Release|Any CPU
		{067C016A-9BDF-7DCE-2E59-C851BCB7CD88}.Release|Any CPU.Build.0 = Release|Any CPU
		{653C9F53-694E-9034-FE26-2ED3B35375E8}.Debug|Any CPU.ActiveCfg = Debug|Any CPU
		{653C9F53-694E-9034-FE26-2ED3B35375E8}.Debug|Any CPU.Build.0 = Debug|Any CPU
		{653C9F53-694E-9034-FE26-2ED3B35375E8}.Release|Any CPU.ActiveCfg = Release|Any CPU
		{653C9F53-694E-9034-FE26-2ED3B35375E8}.Release|Any CPU.Build.0 = Release|Any CPU
		{947D2BF1-23EB-8DF6-4CBD-89ADD40313F6}.Debug|Any CPU.ActiveCfg = Debug|Any CPU
		{947D2BF1-23EB-8DF6-4CBD-89ADD40313F6}.Debug|Any CPU.Build.0 = Debug|Any CPU
		{947D2BF1-23EB-8DF6-4CBD-89ADD40313F6}.Release|Any CPU.ActiveCfg = Release|Any CPU
		{947D2BF1-23EB-8DF6-4CBD-89ADD40313F6}.Release|Any CPU.Build.0 = Release|Any CPU
	EndGlobalSection
	GlobalSection(SolutionProperties) = preSolution
		HideSolutionNode = FALSE
	EndGlobalSection
EndGlobal
